
Microsoft Visual Studio Solution File, Format Version 12.00
# Visual Studio 15
Project("{FAE04EC0-301F-11D3-BF4B-00C04F79EFBC}") = "UnityEngine.UI", "UnityEngine.UI.csproj", "{4521D131-94D8-787B-9A36-C378808EB29E}"
EndProject
Project("{FAE04EC0-301F-11D3-BF4B-00C04F79EFBC}") = "Assembly-CSharp", "Assembly-CSharp.csproj", "{1B74EEAD-A760-8EC1-254B-15E1D8984EB0}"
EndProject
Project("{FAE04EC0-301F-11D3-BF4B-00C04F79EFBC}") = "UnityEditor.UI", "UnityEditor.UI.csproj", "{D7003AA2-7B46-C0B6-F83A-3568628E9359}"
EndProject
Project("{FAE04EC0-301F-11D3-BF4B-00C04F79EFBC}") = "Unity.2D.Sprite.Editor", "Unity.2D.Sprite.Editor.csproj", "{93108B69-327D-B2E6-2F84-FB7909D7B57E}"
EndProject
Project("{FAE04EC0-301F-11D3-BF4B-00C04F79EFBC}") = "Unity.2D.Tilemap.Editor", "Unity.2D.Tilemap.Editor.csproj", "{02837C78-E20E-A192-EC2B-702C9FEE7899}"
EndProject
Global
	GlobalSection(SolutionConfigurationPlatforms) = preSolution
		Debug|Any CPU = Debug|Any CPU
		Release|Any CPU = Release|Any CPU
	EndGlobalSection
	GlobalSection(ProjectConfigurationPlatforms) = postSolution
		{4521D131-94D8-787B-9A36-C378808EB29E}.Debug|Any CPU.ActiveCfg = Debug|Any CPU
		{4521D131-94D8-787B-9A36-C378808EB29E}.Debug|Any CPU.Build.0 = Debug|Any CPU
		{4521D131-94D8-787B-9A36-C378808EB29E}.Release|Any CPU.ActiveCfg = Release|Any CPU
		{4521D131-94D8-787B-9A36-C378808EB29E}.Release|Any CPU.Build.0 = Release|Any CPU
		{1B74EEAD-A760-8EC1-254B-15E1D8984EB0}.Debug|Any CPU.ActiveCfg = Debug|Any CPU
		{1B74EEAD-A760-8EC1-254B-15E1D8984EB0}.Debug|Any CPU.Build.0 = Debug|Any CPU
		{1B74EEAD-A760-8EC1-254B-15E1D8984EB0}.Release|Any CPU.ActiveCfg = Release|Any CPU
		{1B74EEAD-A760-8EC1-254B-15E1D8984EB0}.Release|Any CPU.Build.0 = Release|Any CPU
		{D7003AA2-7B46-C0B6-F83A-3568628E9359}.Debug|Any CPU.ActiveCfg = Debug|Any CPU
		{D7003AA2-7B46-C0B6-F83A-3568628E9359}.Debug|Any CPU.Build.0 = Debug|Any CPU
		{D7003AA2-7B46-C0B6-F83A-3568628E9359}.Release|Any CPU.ActiveCfg = Release|Any CPU
		{D7003AA2-7B46-C0B6-F83A-3568628E9359}.Release|Any CPU.Build.0 = Release|Any CPU
		{93108B69-327D-B2E6-2F84-FB7909D7B57E}.Debug|Any CPU.ActiveCfg = Debug|Any CPU
		{93108B69-327D-B2E6-2F84-FB7909D7B57E}.Debug|Any CPU.Build.0 = Debug|Any CPU
		{93108B69-327D-B2E6-2F84-FB7909D7B57E}.Release|Any CPU.ActiveCfg = Release|Any CPU
		{93108B69-327D-B2E6-2F84-FB7909D7B57E}.Release|Any CPU.Build.0 = Release|Any CPU
		{02837C78-E20E-A192-EC2B-702C9FEE7899}.Debug|Any CPU.ActiveCfg = Debug|Any CPU
		{02837C78-E20E-A192-EC2B-702C9FEE7899}.Debug|Any CPU.Build.0 = Debug|Any CPU
		{02837C78-E20E-A192-EC2B-702C9FEE7899}.Release|Any CPU.ActiveCfg = Release|Any CPU
		{02837C78-E20E-A192-EC2B-702C9FEE7899}.Release|Any CPU.Build.0 = Release|Any CPU
	EndGlobalSection
	GlobalSection(SolutionProperties) = preSolution
		HideSolutionNode = FALSE
	EndGlobalSection
EndGlobal
